
Microsoft Visual Studio Solution File, Format Version 12.00
# Visual Studio Version 16
VisualStudioVersion = 16.0.29519.181
MinimumVisualStudioVersion = 10.0.40219.1
Project("{FAE04EC0-301F-11D3-BF4B-00C04F79EFBC}") = "GInt", "GInt.csproj", "{554BFCDA-F728-47D3-9D4C-89738C18EA12}"
EndProject
Global
	GlobalSection(SolutionConfigurationPlatforms) = preSolution
		Debug|Any CPU = Debug|Any CPU
		Release|Any CPU = Release|Any CPU
	EndGlobalSection
	GlobalSection(ProjectConfigurationPlatforms) = postSolution
		{554BFCDA-F728-47D3-9D4C-89738C18EA12}.Debug|Any CPU.ActiveCfg = Debug|Any CPU
		{554BFCDA-F728-47D3-9D4C-89738C18EA12}.Debug|Any CPU.Build.0 = Debug|Any CPU
		{554BFCDA-F728-47D3-9D4C-89738C18EA12}.Release|Any CPU.ActiveCfg = Release|Any CPU
		{554BFCDA-F728-47D3-9D4C-89738C18EA12}.Release|Any CPU.Build.0 = Release|Any CPU
	EndGlobalSection
	GlobalSection(SolutionProperties) = preSolution
		HideSolutionNode = FALSE
	EndGlobalSection
	GlobalSection(ExtensibilityGlobals) = postSolution
		SolutionGuid = {B5CA5E36-A884-4BC6-AC6E-2F51926A36D1}
	EndGlobalSection
EndGlobal
